
Microsoft Visual Studio Solution File, Format Version 12.00
# Visual Studio Version 16
VisualStudioVersion = 16.0.29025.244
MinimumVisualStudioVersion = 10.0.40219.1
Project("{FAE04EC0-301F-11D3-BF4B-00C04F79EFBC}") = "AnyStatus.Plugins.Elasticsearch", "AnyStatus.Plugins.Elasticsearch\AnyStatus.Plugins.Elasticsearch.csproj", "{B6179D1B-C017-49C8-A596-57072CF8E67C}"
EndProject
Project("{FAE04EC0-301F-11D3-BF4B-00C04F79EFBC}") = "AnyStatus.Plugins.Elasticsearch.Tests", "AnyStatus.Plugins.Elasticsearch.Tests\AnyStatus.Plugins.Elasticsearch.Tests.csproj", "{0E987A0D-E1FB-410B-B7F3-32443AD7EDDA}"
EndProject
Global
	GlobalSection(SolutionConfigurationPlatforms) = preSolution
		Debug|Any CPU = Debug|Any CPU
		Release|Any CPU = Release|Any CPU
	EndGlobalSection
	GlobalSection(ProjectConfigurationPlatforms) = postSolution
		{B6179D1B-C017-49C8-A596-57072CF8E67C}.Debug|Any CPU.ActiveCfg = Debug|Any CPU
		{B6179D1B-C017-49C8-A596-57072CF8E67C}.Debug|Any CPU.Build.0 = Debug|Any CPU
		{B6179D1B-C017-49C8-A596-57072CF8E67C}.Release|Any CPU.ActiveCfg = Release|Any CPU
		{B6179D1B-C017-49C8-A596-57072CF8E67C}.Release|Any CPU.Build.0 = Release|Any CPU
		{0E987A0D-E1FB-410B-B7F3-32443AD7EDDA}.Debug|Any CPU.ActiveCfg = Debug|Any CPU
		{0E987A0D-E1FB-410B-B7F3-32443AD7EDDA}.Debug|Any CPU.Build.0 = Debug|Any CPU
		{0E987A0D-E1FB-410B-B7F3-32443AD7EDDA}.Release|Any CPU.ActiveCfg = Release|Any CPU
		{0E987A0D-E1FB-410B-B7F3-32443AD7EDDA}.Release|Any CPU.Build.0 = Release|Any CPU
	EndGlobalSection
	GlobalSection(SolutionProperties) = preSolution
		HideSolutionNode = FALSE
	EndGlobalSection
	GlobalSection(ExtensibilityGlobals) = postSolution
		SolutionGuid = {44BAA949-FB3B-40C4-B200-3E209F03A165}
	EndGlobalSection
EndGlobal
